{
  "version": 4,
  "terraform_version": "1.15.7",
  "serial": 13,
  "lineage": "3efa5e11-928f-f757-7ed6-b01fce54f94a",
  "outputs": {},
  "resources": [
    {
      "module": "module.uploads",
      "mode": "data",
      "type": "archive_file",
      "name": "validator",
      "provider": "provider[\"registry.terraform.io/hashicorp/archive\"]",
      "instances": [
        {
          "schema_version": 0,
          "attributes": {
            "exclude_symlink_directories": null,
            "excludes": null,
            "id": "3a42c7a6d85baa25a4c2e59c2fe30b7d480f11fb",
            "output_base64sha256": "G/okdM7kfmaqXdrqnA6QskRsDVgKxyRqQmWfOQ2yUog=",
            "output_base64sha512": "ObwgRwmTqI0nN7f3BIHhElhYcFmmI9DDHuY2PsggMzEQZ/rhAos2vzPI0VaQrWcP6yCGiuRYRcz/8eROPx+CDg==",
            "output_file_mode": null,
            "output_md5": "bfd08fab47021b5378f60b93a56c51d7",
            "output_path": "../modules/file_upload_bucket/lambda/validator.zip",
            "output_sha": "3a42c7a6d85baa25a4c2e59c2fe30b7d480f11fb",
            "output_sha256": "1bfa2474cee47e66aa5ddaea9c0e90b2446c0d580ac7246a42659f390db25288",
            "output_sha512": "39bc20470993a88d2737b7f70481e11258587059a623d0c31ee6363ec82033311067fae1028b36bf33c8d15690ad670feb20868ae45845ccfff1e44e3f1f820e",
            "output_size": 894,
            "source": [],
            "source_content": null,
            "source_content_filename": null,
            "source_dir": null,
            "source_file": "../modules/file_upload_bucket/lambda/validator.py",
            "type": "zip"
          },
          "sensitive_attributes": [],
          "identity_schema_version": 0
        }
      ]
    },
    {
      "module": "module.uploads",
      "mode": "managed",
      "type": "aws_cloudwatch_log_group",
      "name": "validator",
      "provider": "provider[\"registry.terraform.io/hashicorp/aws\"]",
      "instances": [
        {
          "schema_version": 0,
          "attributes": {
            "arn": "arn:aws:logs:eu-central-1:871749383092:log-group:/aws/lambda/idealo-assignment-dev-uploads-validator",
            "id": "/aws/lambda/idealo-assignment-dev-uploads-validator",
            "kms_key_id": "",
            "log_group_class": "STANDARD",
            "name": "/aws/lambda/idealo-assignment-dev-uploads-validator",
            "name_prefix": "",
            "retention_in_days": 30,
            "skip_destroy": false,
            "tags": null,
            "tags_all": {}
          },
          "sensitive_attributes": [],
          "identity_schema_version": 0,
          "private": "bnVsbA=="
        }
      ]
    },
    {
      "module": "module.uploads",
      "mode": "managed",
      "type": "aws_iam_policy",
      "name": "validator",
      "provider": "provider[\"registry.terraform.io/hashicorp/aws\"]",
      "instances": [
        {
          "schema_version": 0,
          "attributes": {
            "arn": "arn:aws:iam::871749383092:policy/idealo-assignment-dev-uploads-validator",
            "attachment_count": 0,
            "description": "",
            "id": "arn:aws:iam::871749383092:policy/idealo-assignment-dev-uploads-validator",
            "name": "idealo-assignment-dev-uploads-validator",
            "name_prefix": "",
            "path": "/",
            "policy": "{\"Statement\":[{\"Action\":[\"logs:CreateLogStream\",\"logs:PutLogEvents\"],\"Effect\":\"Allow\",\"Resource\":[\"arn:aws:logs:eu-central-1:871749383092:log-group:/aws/lambda/idealo-assignment-dev-uploads-validator:*\"]},{\"Action\":[\"s3:GetObject\",\"s3:GetObjectAttributes\",\"s3:HeadObject\"],\"Effect\":\"Allow\",\"Resource\":\"arn:aws:s3:::idealo-assignment-dev-uploads/*\"}],\"Version\":\"2012-10-17\"}",
            "policy_id": "ANPA4V6CP6O2ASKFHHKKH",
            "tags": null,
            "tags_all": {}
          },
          "sensitive_attributes": [],
          "identity_schema_version": 0,
          "private": "bnVsbA==",
          "dependencies": [
            "module.uploads.aws_cloudwatch_log_group.validator",
            "module.uploads.aws_s3_bucket.uploads"
          ]
        }
      ]
    },
    {
      "module": "module.uploads",
      "mode": "managed",
      "type": "aws_iam_role",
      "name": "validator",
      "provider": "provider[\"registry.terraform.io/hashicorp/aws\"]",
      "instances": [
        {
          "schema_version": 0,
          "attributes": {
            "arn": "arn:aws:iam::871749383092:role/idealo-assignment-dev-uploads-validator-role",
            "assume_role_policy": "{\"Statement\":[{\"Action\":\"sts:AssumeRole\",\"Effect\":\"Allow\",\"Principal\":{\"Service\":\"lambda.amazonaws.com\"}}],\"Version\":\"2012-10-17\"}",
            "create_date": "2026-06-29T17:20:44Z",
            "description": "",
            "force_detach_policies": false,
            "id": "idealo-assignment-dev-uploads-validator-role",
            "inline_policy": [],
            "managed_policy_arns": [],
            "max_session_duration": 3600,
            "name": "idealo-assignment-dev-uploads-validator-role",
            "name_prefix": "",
            "path": "/",
            "permissions_boundary": "",
            "tags": null,
            "tags_all": {},
            "unique_id": "AROA4V6CP6O2AQTK7ENZS"
          },
          "sensitive_attributes": [],
          "identity_schema_version": 0,
          "private": "bnVsbA=="
        }
      ]
    },
    {
      "module": "module.uploads",
      "mode": "managed",
      "type": "aws_iam_role_policy_attachment",
      "name": "validator",
      "provider": "provider[\"registry.terraform.io/hashicorp/aws\"]",
      "instances": [
        {
          "schema_version": 0,
          "attributes": {
            "id": "idealo-assignment-dev-uploads-validator-role-20260629172047013600000001",
            "policy_arn": "arn:aws:iam::871749383092:policy/idealo-assignment-dev-uploads-validator",
            "role": "idealo-assignment-dev-uploads-validator-role"
          },
          "sensitive_attributes": [],
          "identity_schema_version": 0,
          "private": "bnVsbA==",
          "dependencies": [
            "module.uploads.aws_cloudwatch_log_group.validator",
            "module.uploads.aws_iam_policy.validator",
            "module.uploads.aws_iam_role.validator",
            "module.uploads.aws_s3_bucket.uploads"
          ]
        }
      ]
    },
    {
      "module": "module.uploads",
      "mode": "managed",
      "type": "aws_lambda_function",
      "name": "validator",
      "provider": "provider[\"registry.terraform.io/hashicorp/aws\"]",
      "instances": [
        {
          "schema_version": 0,
          "attributes": {
            "architectures": [
              "x86_64"
            ],
            "arn": "arn:aws:lambda:eu-central-1:871749383092:function:idealo-assignment-dev-uploads-validator",
            "code_sha256": "G/okdM7kfmaqXdrqnA6QskRsDVgKxyRqQmWfOQ2yUog=",
            "code_signing_config_arn": "",
            "dead_letter_config": [],
            "description": "",
            "environment": [
              {
                "variables": {
                  "ALLOWED_EXTENSIONS": "pdf,png,jpg",
                  "REQUIRED_METADATA": "customer-id,document-type"
                }
              }
            ],
            "ephemeral_storage": [
              {
                "size": 512
              }
            ],
            "file_system_config": [],
            "filename": "../modules/file_upload_bucket/lambda/validator.zip",
            "function_name": "idealo-assignment-dev-uploads-validator",
            "handler": "validator.lambda_handler",
            "id": "idealo-assignment-dev-uploads-validator",
            "image_config": [],
            "image_uri": "",
            "invoke_arn": "arn:aws:apigateway:eu-central-1:lambda:path/2015-03-31/functions/arn:aws:lambda:eu-central-1:871749383092:function:idealo-assignment-dev-uploads-validator/invocations",
            "kms_key_arn": "",
            "last_modified": "2026-06-29T17:20:54.122+0000",
            "layers": null,
            "logging_config": [
              {
                "application_log_level": "",
                "log_format": "Text",
                "log_group": "/aws/lambda/idealo-assignment-dev-uploads-validator",
                "system_log_level": ""
              }
            ],
            "memory_size": 128,
            "package_type": "Zip",
            "publish": false,
            "qualified_arn": "arn:aws:lambda:eu-central-1:871749383092:function:idealo-assignment-dev-uploads-validator:$LATEST",
            "qualified_invoke_arn": "arn:aws:apigateway:eu-central-1:lambda:path/2015-03-31/functions/arn:aws:lambda:eu-central-1:871749383092:function:idealo-assignment-dev-uploads-validator:$LATEST/invocations",
            "replace_security_groups_on_destroy": null,
            "replacement_security_group_ids": null,
            "reserved_concurrent_executions": -1,
            "role": "arn:aws:iam::871749383092:role/idealo-assignment-dev-uploads-validator-role",
            "runtime": "python3.12",
            "s3_bucket": null,
            "s3_key": null,
            "s3_object_version": null,
            "signing_job_arn": "",
            "signing_profile_version_arn": "",
            "skip_destroy": false,
            "snap_start": [],
            "source_code_hash": "G/okdM7kfmaqXdrqnA6QskRsDVgKxyRqQmWfOQ2yUog=",
            "source_code_size": 894,
            "tags": null,
            "tags_all": {},
            "timeout": 10,
            "timeouts": null,
            "tracing_config": [
              {
                "mode": "PassThrough"
              }
            ],
            "version": "$LATEST",
            "vpc_config": []
          },
          "sensitive_attributes": [],
          "identity_schema_version": 0,
          "private": "eyJlMmJmYjczMC1lY2FhLTExZTYtOGY4OC0zNDM2M2JjN2M0YzAiOnsiY3JlYXRlIjo2MDAwMDAwMDAwMDAsImRlbGV0ZSI6NjAwMDAwMDAwMDAwLCJ1cGRhdGUiOjYwMDAwMDAwMDAwMH19",
          "dependencies": [
            "module.uploads.aws_iam_role.validator",
            "module.uploads.data.archive_file.validator"
          ]
        }
      ]
    },
    {
      "module": "module.uploads",
      "mode": "managed",
      "type": "aws_lambda_permission",
      "name": "allow_s3",
      "provider": "provider[\"registry.terraform.io/hashicorp/aws\"]",
      "instances": [
        {
          "schema_version": 0,
          "attributes": {
            "action": "lambda:InvokeFunction",
            "event_source_token": null,
            "function_name": "idealo-assignment-dev-uploads-validator",
            "function_url_auth_type": null,
            "id": "AllowExecutionFromS3",
            "principal": "s3.amazonaws.com",
            "principal_org_id": null,
            "qualifier": "",
            "source_account": null,
            "source_arn": "arn:aws:s3:::idealo-assignment-dev-uploads",
            "statement_id": "AllowExecutionFromS3",
            "statement_id_prefix": ""
          },
          "sensitive_attributes": [],
          "identity_schema_version": 0,
          "private": "bnVsbA==",
          "dependencies": [
            "module.uploads.aws_iam_role.validator",
            "module.uploads.aws_lambda_function.validator",
            "module.uploads.aws_s3_bucket.uploads",
            "module.uploads.data.archive_file.validator"
          ]
        }
      ]
    },
    {
      "module": "module.uploads",
      "mode": "managed",
      "type": "aws_s3_bucket",
      "name": "uploads",
      "provider": "provider[\"registry.terraform.io/hashicorp/aws\"]",
      "instances": [
        {
          "schema_version": 0,
          "attributes": {
            "acceleration_status": "",
            "acl": null,
            "arn": "arn:aws:s3:::idealo-assignment-dev-uploads",
            "bucket": "idealo-assignment-dev-uploads",
            "bucket_domain_name": "idealo-assignment-dev-uploads.s3.amazonaws.com",
            "bucket_prefix": "",
            "bucket_regional_domain_name": "idealo-assignment-dev-uploads.s3.eu-central-1.amazonaws.com",
            "cors_rule": [],
            "force_destroy": false,
            "grant": [
              {
                "id": "41f760abac96d7287c2e7f291b95c3fff3ad996743be668d739af070cc862464",
                "permissions": [
                  "FULL_CONTROL"
                ],
                "type": "CanonicalUser",
                "uri": ""
              }
            ],
            "hosted_zone_id": "Z21DNDUVLTQW6Q",
            "id": "idealo-assignment-dev-uploads",
            "lifecycle_rule": [],
            "logging": [],
            "object_lock_configuration": [],
            "object_lock_enabled": false,
            "policy": "",
            "region": "eu-central-1",
            "replication_configuration": [],
            "request_payer": "BucketOwner",
            "server_side_encryption_configuration": [
              {
                "rule": [
                  {
                    "apply_server_side_encryption_by_default": [
                      {
                        "kms_master_key_id": "",
                        "sse_algorithm": "AES256"
                      }
                    ],
                    "bucket_key_enabled": false
                  }
                ]
              }
            ],
            "tags": {
              "Environment": "dev",
              "Project": "Idealo-Assigment"
            },
            "tags_all": {
              "Environment": "dev",
              "Project": "Idealo-Assigment"
            },
            "timeouts": null,
            "versioning": [
              {
                "enabled": false,
                "mfa_delete": false
              }
            ],
            "website": [],
            "website_domain": null,
            "website_endpoint": null
          },
          "sensitive_attributes": [],
          "identity_schema_version": 0,
          "private": "eyJlMmJmYjczMC1lY2FhLTExZTYtOGY4OC0zNDM2M2JjN2M0YzAiOnsiY3JlYXRlIjoxMjAwMDAwMDAwMDAwLCJkZWxldGUiOjM2MDAwMDAwMDAwMDAsInJlYWQiOjEyMDAwMDAwMDAwMDAsInVwZGF0ZSI6MTIwMDAwMDAwMDAwMH19"
        }
      ]
    },
    {
      "module": "module.uploads",
      "mode": "managed",
      "type": "aws_s3_bucket_lifecycle_configuration",
      "name": "uploads",
      "provider": "provider[\"registry.terraform.io/hashicorp/aws\"]",
      "instances": [
        {
          "schema_version": 1,
          "attributes": {
            "bucket": "idealo-assignment-dev-uploads",
            "expected_bucket_owner": "",
            "id": "idealo-assignment-dev-uploads",
            "rule": [
              {
                "abort_incomplete_multipart_upload": [],
                "expiration": [
                  {
                    "date": null,
                    "days": 365,
                    "expired_object_delete_marker": false
                  }
                ],
                "filter": [
                  {
                    "and": [],
                    "object_size_greater_than": null,
                    "object_size_less_than": null,
                    "prefix": "",
                    "tag": []
                  }
                ],
                "id": "uploads",
                "noncurrent_version_expiration": [],
                "noncurrent_version_transition": [],
                "prefix": "",
                "status": "Enabled",
                "transition": [
                  {
                    "date": null,
                    "days": 30,
                    "storage_class": "GLACIER_IR"
                  }
                ]
              }
            ],
            "timeouts": null,
            "transition_default_minimum_object_size": "all_storage_classes_128K"
          },
          "sensitive_attributes": [],
          "identity_schema_version": 0,
          "dependencies": [
            "module.uploads.aws_s3_bucket.uploads"
          ]
        }
      ]
    },
    {
      "module": "module.uploads",
      "mode": "managed",
      "type": "aws_s3_bucket_notification",
      "name": "uploads",
      "provider": "provider[\"registry.terraform.io/hashicorp/aws\"]",
      "instances": [
        {
          "schema_version": 0,
          "attributes": {
            "bucket": "idealo-assignment-dev-uploads",
            "eventbridge": false,
            "id": "idealo-assignment-dev-uploads",
            "lambda_function": [
              {
                "events": [
                  "s3:ObjectCreated:*"
                ],
                "filter_prefix": "",
                "filter_suffix": "",
                "id": "tf-s3-lambda-20260629172100151600000002",
                "lambda_function_arn": "arn:aws:lambda:eu-central-1:871749383092:function:idealo-assignment-dev-uploads-validator"
              }
            ],
            "queue": [],
            "topic": []
          },
          "sensitive_attributes": [],
          "identity_schema_version": 0,
          "private": "bnVsbA==",
          "dependencies": [
            "module.uploads.aws_iam_role.validator",
            "module.uploads.aws_lambda_function.validator",
            "module.uploads.aws_lambda_permission.allow_s3",
            "module.uploads.aws_s3_bucket.uploads",
            "module.uploads.data.archive_file.validator"
          ]
        }
      ]
    },
    {
      "module": "module.uploads",
      "mode": "managed",
      "type": "aws_s3_bucket_public_access_block",
      "name": "uploads",
      "provider": "provider[\"registry.terraform.io/hashicorp/aws\"]",
      "instances": [
        {
          "schema_version": 0,
          "attributes": {
            "block_public_acls": true,
            "block_public_policy": true,
            "bucket": "idealo-assignment-dev-uploads",
            "id": "idealo-assignment-dev-uploads",
            "ignore_public_acls": true,
            "restrict_public_buckets": true
          },
          "sensitive_attributes": [],
          "identity_schema_version": 0,
          "private": "bnVsbA==",
          "dependencies": [
            "module.uploads.aws_s3_bucket.uploads"
          ]
        }
      ]
    },
    {
      "module": "module.uploads",
      "mode": "managed",
      "type": "aws_s3_bucket_server_side_encryption_configuration",
      "name": "uploads",
      "provider": "provider[\"registry.terraform.io/hashicorp/aws\"]",
      "instances": [
        {
          "schema_version": 0,
          "attributes": {
            "bucket": "idealo-assignment-dev-uploads",
            "expected_bucket_owner": "",
            "id": "idealo-assignment-dev-uploads",
            "rule": [
              {
                "apply_server_side_encryption_by_default": [
                  {
                    "kms_master_key_id": "",
                    "sse_algorithm": "AES256"
                  }
                ],
                "bucket_key_enabled": null
              }
            ]
          },
          "sensitive_attributes": [],
          "identity_schema_version": 0,
          "private": "bnVsbA==",
          "dependencies": [
            "module.uploads.aws_s3_bucket.uploads"
          ]
        }
      ]
    },
    {
      "module": "module.uploads",
      "mode": "managed",
      "type": "aws_s3_bucket_versioning",
      "name": "uploads",
      "provider": "provider[\"registry.terraform.io/hashicorp/aws\"]",
      "instances": [
        {
          "schema_version": 0,
          "attributes": {
            "bucket": "idealo-assignment-dev-uploads",
            "expected_bucket_owner": "",
            "id": "idealo-assignment-dev-uploads",
            "mfa": null,
            "versioning_configuration": [
              {
                "mfa_delete": "",
                "status": "Enabled"
              }
            ]
          },
          "sensitive_attributes": [],
          "identity_schema_version": 0,
          "private": "bnVsbA==",
          "dependencies": [
            "module.uploads.aws_s3_bucket.uploads"
          ]
        }
      ]
    }
  ],
  "check_results": null
}
